
Microsoft Visual Studio Solution File, Format Version 12.00
# Visual Studio Version 16
VisualStudioVersion = 16.0.30517.126
MinimumVisualStudioVersion = 10.0.40219.1
Project("{8BC9CEB8-8B4A-11D0-8D11-00A0C91BC942}") = "test", "test\test.vcxproj", "{44D92F3A-3F70-4D43-A825-8B897F4EB755}"
EndProject
Project("{8BC9CEB8-8B4A-11D0-8D11-00A0C91BC942}") = "editor", "editor\editor.vcxproj", "{8CFE5463-E376-4C1F-B79D-9B536631FE67}"
EndProject
Global
	GlobalSection(SolutionConfigurationPlatforms) = preSolution
		Debug|x64 = Debug|x64
		Debug|x86 = Debug|x86
		Release|x64 = Release|x64
		Release|x86 = Release|x86
	EndGlobalSection
	GlobalSection(ProjectConfigurationPlatforms) = postSolution
		{44D92F3A-3F70-4D43-A825-8B897F4EB755}.Debug|x64.ActiveCfg = Debug|x64
		{44D92F3A-3F70-4D43-A825-8B897F4EB755}.Debug|x64.Build.0 = Debug|x64
		{44D92F3A-3F70-4D43-A825-8B897F4EB755}.Debug|x86.ActiveCfg = Debug|Win32
		{44D92F3A-3F70-4D43-A825-8B897F4EB755}.Debug|x86.Build.0 = Debug|Win32
		{44D92F3A-3F70-4D43-A825-8B897F4EB755}.Release|x64.ActiveCfg = Release|x64
		{44D92F3A-3F70-4D43-A825-8B897F4EB755}.Release|x64.Build.0 = Release|x64
		{44D92F3A-3F70-4D43-A825-8B897F4EB755}.Release|x86.ActiveCfg = Release|Win32
		{44D92F3A-3F70-4D43-A825-8B897F4EB755}.Release|x86.Build.0 = Release|Win32
		{8CFE5463-E376-4C1F-B79D-9B536631FE67}.Debug|x64.ActiveCfg = Debug|x64
		{8CFE5463-E376-4C1F-B79D-9B536631FE67}.Debug|x64.Build.0 = Debug|x64
		{8CFE5463-E376-4C1F-B79D-9B536631FE67}.Debug|x86.ActiveCfg = Debug|Win32
		{8CFE5463-E376-4C1F-B79D-9B536631FE67}.Debug|x86.Build.0 = Debug|Win32
		{8CFE5463-E376-4C1F-B79D-9B536631FE67}.Release|x64.ActiveCfg = Release|x64
		{8CFE5463-E376-4C1F-B79D-9B536631FE67}.Release|x64.Build.0 = Release|x64
		{8CFE5463-E376-4C1F-B79D-9B536631FE67}.Release|x86.ActiveCfg = Release|Win32
		{8CFE5463-E376-4C1F-B79D-9B536631FE67}.Release|x86.Build.0 = Release|Win32
	EndGlobalSection
	GlobalSection(SolutionProperties) = preSolution
		HideSolutionNode = FALSE
	EndGlobalSection
	GlobalSection(ExtensibilityGlobals) = postSolution
		SolutionGuid = {63844A21-E1DB-4FF9-8C5C-9603F1ED7702}
	EndGlobalSection
EndGlobal
