
Microsoft Visual Studio Solution File, Format Version 12.00
# Visual Studio 15
VisualStudioVersion = 15.0.28307.902
MinimumVisualStudioVersion = 10.0.40219.1
Project("{8BC9CEB8-8B4A-11D0-8D11-00A0C91BC942}") = "test", "test\test.vcxproj", "{44D92F3A-3F70-4D43-A825-8B897F4EB755}"
EndProject
Global
	GlobalSection(SolutionConfigurationPlatforms) = preSolution
		Debug|x64 = Debug|x64
		Release|x64 = Release|x64
	EndGlobalSection
	GlobalSection(ProjectConfigurationPlatforms) = postSolution
		{44D92F3A-3F70-4D43-A825-8B897F4EB755}.Debug|x64.ActiveCfg = Debug|x64
		{44D92F3A-3F70-4D43-A825-8B897F4EB755}.Debug|x64.Build.0 = Debug|x64
		{44D92F3A-3F70-4D43-A825-8B897F4EB755}.Release|x64.ActiveCfg = Release|x64
		{44D92F3A-3F70-4D43-A825-8B897F4EB755}.Release|x64.Build.0 = Release|x64
	EndGlobalSection
	GlobalSection(SolutionProperties) = preSolution
		HideSolutionNode = FALSE
	EndGlobalSection
	GlobalSection(ExtensibilityGlobals) = postSolution
		SolutionGuid = {63844A21-E1DB-4FF9-8C5C-9603F1ED7702}
	EndGlobalSection
EndGlobal
